
Microsoft Visual Studio Solution File, Format Version 12.00
# Visual Studio Version 17
VisualStudioVersion = 17.0.31903.59
MinimumVisualStudioVersion = 10.0.40219.1
Project("{2150E333-8FDC-42A3-9474-1A3956D46DE8}") = "src", "src", "{2CA8588D-0D58-49A7-9799-9FD655C0549D}"
EndProject
Project("{2150E333-8FDC-42A3-9474-1A3956D46DE8}") = "core", "core", "{44153ADE-7DBC-48CD-B6DC-549A7A35BB00}"
EndProject
Project("{9A19103F-16F7-4668-BE54-9A1E7A4F7556}") = "Domain", "src\core\Domain\Domain.csproj", "{995E718C-86D2-4F5D-9762-33DB55554CF1}"
EndProject
Project("{9A19103F-16F7-4668-BE54-9A1E7A4F7556}") = "Application", "src\core\Application\Application.csproj", "{BD3E2BA2-FA1F-4346-8969-B2ABD176B374}"
EndProject
Project("{2150E333-8FDC-42A3-9474-1A3956D46DE8}") = "infrastructure", "infrastructure", "{C6209633-118A-4EFF-AD69-D6CC19E0EB20}"
EndProject
Project("{9A19103F-16F7-4668-BE54-9A1E7A4F7556}") = "Data", "src\infrastructure\Data\Data.csproj", "{0F08703F-3BCD-4DEF-905F-D1766B378730}"
EndProject
Project("{9A19103F-16F7-4668-BE54-9A1E7A4F7556}") = "Shared", "src\infrastructure\Shared\Shared.csproj", "{E2C36411-D731-4800-B755-19E74CF22658}"
EndProject
Project("{2150E333-8FDC-42A3-9474-1A3956D46DE8}") = "presentation", "presentation", "{C69E7572-034A-4CFB-BDC7-9A44DC925FAC}"
EndProject
Project("{9A19103F-16F7-4668-BE54-9A1E7A4F7556}") = "WebApi", "src\presentation\WebApi\WebApi.csproj", "{ABFE3731-7C20-415C-9D09-4950002F29EC}"
EndProject
Project("{2150E333-8FDC-42A3-9474-1A3956D46DE8}") = "tests", "tests", "{12FA647E-E5EB-4480-A611-4A6E83A82B2F}"
EndProject
Project("{9A19103F-16F7-4668-BE54-9A1E7A4F7556}") = "Application.IntegrationTests", "tests\Application.IntegrationTests\Application.IntegrationTests.csproj", "{39F592B0-5264-4C11-B827-6E0DD6C8E587}"
EndProject
Project("{9A19103F-16F7-4668-BE54-9A1E7A4F7556}") = "Application.UnitTests", "tests\Application.UnitTests\Application.UnitTests.csproj", "{4C79993A-ADEF-464C-93A4-99F7F214B22D}"
EndProject
Project("{9A19103F-16F7-4668-BE54-9A1E7A4F7556}") = "Identity", "src\infrastructure\Identity\Identity.csproj", "{3E80D709-B6D0-4E76-8F4B-3BFA7E388A45}"
EndProject
Global
	GlobalSection(SolutionConfigurationPlatforms) = preSolution
		Debug|Any CPU = Debug|Any CPU
		Release|Any CPU = Release|Any CPU
	EndGlobalSection
	GlobalSection(ProjectConfigurationPlatforms) = postSolution
		{995E718C-86D2-4F5D-9762-33DB55554CF1}.Debug|Any CPU.ActiveCfg = Debug|Any CPU
		{995E718C-86D2-4F5D-9762-33DB55554CF1}.Debug|Any CPU.Build.0 = Debug|Any CPU
		{995E718C-86D2-4F5D-9762-33DB55554CF1}.Release|Any CPU.ActiveCfg = Release|Any CPU
		{995E718C-86D2-4F5D-9762-33DB55554CF1}.Release|Any CPU.Build.0 = Release|Any CPU
		{BD3E2BA2-FA1F-4346-8969-B2ABD176B374}.Debug|Any CPU.ActiveCfg = Debug|Any CPU
		{BD3E2BA2-FA1F-4346-8969-B2ABD176B374}.Debug|Any CPU.Build.0 = Debug|Any CPU
		{BD3E2BA2-FA1F-4346-8969-B2ABD176B374}.Release|Any CPU.ActiveCfg = Release|Any CPU
		{BD3E2BA2-FA1F-4346-8969-B2ABD176B374}.Release|Any CPU.Build.0 = Release|Any CPU
		{0F08703F-3BCD-4DEF-905F-D1766B378730}.Debug|Any CPU.ActiveCfg = Debug|Any CPU
		{0F08703F-3BCD-4DEF-905F-D1766B378730}.Debug|Any CPU.Build.0 = Debug|Any CPU
		{0F08703F-3BCD-4DEF-905F-D1766B378730}.Release|Any CPU.ActiveCfg = Release|Any CPU
		{0F08703F-3BCD-4DEF-905F-D1766B378730}.Release|Any CPU.Build.0 = Release|Any CPU
		{E2C36411-D731-4800-B755-19E74CF22658}.Debug|Any CPU.ActiveCfg = Debug|Any CPU
		{E2C36411-D731-4800-B755-19E74CF22658}.Debug|Any CPU.Build.0 = Debug|Any CPU
		{E2C36411-D731-4800-B755-19E74CF22658}.Release|Any CPU.ActiveCfg = Release|Any CPU
		{E2C36411-D731-4800-B755-19E74CF22658}.Release|Any CPU.Build.0 = Release|Any CPU
		{ABFE3731-7C20-415C-9D09-4950002F29EC}.Debug|Any CPU.ActiveCfg = Debug|Any CPU
		{ABFE3731-7C20-415C-9D09-4950002F29EC}.Debug|Any CPU.Build.0 = Debug|Any CPU
		{ABFE3731-7C20-415C-9D09-4950002F29EC}.Release|Any CPU.ActiveCfg = Release|Any CPU
		{ABFE3731-7C20-415C-9D09-4950002F29EC}.Release|Any CPU.Build.0 = Release|Any CPU
		{39F592B0-5264-4C11-B827-6E0DD6C8E587}.Debug|Any CPU.ActiveCfg = Debug|Any CPU
		{39F592B0-5264-4C11-B827-6E0DD6C8E587}.Debug|Any CPU.Build.0 = Debug|Any CPU
		{39F592B0-5264-4C11-B827-6E0DD6C8E587}.Release|Any CPU.ActiveCfg = Release|Any CPU
		{39F592B0-5264-4C11-B827-6E0DD6C8E587}.Release|Any CPU.Build.0 = Release|Any CPU
		{4C79993A-ADEF-464C-93A4-99F7F214B22D}.Debug|Any CPU.ActiveCfg = Debug|Any CPU
		{4C79993A-ADEF-464C-93A4-99F7F214B22D}.Debug|Any CPU.Build.0 = Debug|Any CPU
		{4C79993A-ADEF-464C-93A4-99F7F214B22D}.Release|Any CPU.ActiveCfg = Release|Any CPU
		{4C79993A-ADEF-464C-93A4-99F7F214B22D}.Release|Any CPU.Build.0 = Release|Any CPU
		{3E80D709-B6D0-4E76-8F4B-3BFA7E388A45}.Debug|Any CPU.ActiveCfg = Debug|Any CPU
		{3E80D709-B6D0-4E76-8F4B-3BFA7E388A45}.Debug|Any CPU.Build.0 = Debug|Any CPU
		{3E80D709-B6D0-4E76-8F4B-3BFA7E388A45}.Release|Any CPU.ActiveCfg = Release|Any CPU
		{3E80D709-B6D0-4E76-8F4B-3BFA7E388A45}.Release|Any CPU.Build.0 = Release|Any CPU
	EndGlobalSection
	GlobalSection(SolutionProperties) = preSolution
		HideSolutionNode = FALSE
	EndGlobalSection
	GlobalSection(NestedProjects) = preSolution
		{44153ADE-7DBC-48CD-B6DC-549A7A35BB00} = {2CA8588D-0D58-49A7-9799-9FD655C0549D}
		{995E718C-86D2-4F5D-9762-33DB55554CF1} = {44153ADE-7DBC-48CD-B6DC-549A7A35BB00}
		{BD3E2BA2-FA1F-4346-8969-B2ABD176B374} = {44153ADE-7DBC-48CD-B6DC-549A7A35BB00}
		{C6209633-118A-4EFF-AD69-D6CC19E0EB20} = {2CA8588D-0D58-49A7-9799-9FD655C0549D}
		{0F08703F-3BCD-4DEF-905F-D1766B378730} = {C6209633-118A-4EFF-AD69-D6CC19E0EB20}
		{E2C36411-D731-4800-B755-19E74CF22658} = {C6209633-118A-4EFF-AD69-D6CC19E0EB20}
		{C69E7572-034A-4CFB-BDC7-9A44DC925FAC} = {2CA8588D-0D58-49A7-9799-9FD655C0549D}
		{ABFE3731-7C20-415C-9D09-4950002F29EC} = {C69E7572-034A-4CFB-BDC7-9A44DC925FAC}
		{39F592B0-5264-4C11-B827-6E0DD6C8E587} = {12FA647E-E5EB-4480-A611-4A6E83A82B2F}
		{4C79993A-ADEF-464C-93A4-99F7F214B22D} = {12FA647E-E5EB-4480-A611-4A6E83A82B2F}
		{3E80D709-B6D0-4E76-8F4B-3BFA7E388A45} = {C6209633-118A-4EFF-AD69-D6CC19E0EB20}
	EndGlobalSection
	GlobalSection(ExtensibilityGlobals) = postSolution
		SolutionGuid = {4760BDA0-1C92-4EE1-B05F-7B82853A1112}
	EndGlobalSection
EndGlobal
